# This file is automatically @generated by Cargo.
# It is not intended for manual editing.
version = 3

[[package]]
name = "arrayref"
version = "0.3.6"
source = "registry+https://github.com/rust-lang/crates.io-index"
checksum = "a4c527152e37cf757a3f78aae5a06fbeefdb07ccc535c980a3208ee3060dd544"

[[package]]
name = "cfg-if"
version = "0.1.10"
source = "registry+https://github.com/rust-lang/crates.io-index"
checksum = "4785bdd1c96b2a846b2bd7cc02e86b6b3dbf14e7e53446c4f54c92a361040822"

[[package]]
name = "cryptopals"
version = "0.1.0"
dependencies = [
 "hex",
 "indoc",
 "levenshtein",
 "radix64",
]

[[package]]
name = "hex"
version = "0.4.3"
source = "registry+https://github.com/rust-lang/crates.io-index"
checksum = "7f24254aa9a54b5c858eaee2f5bccdb46aaf0e486a595ed5fd8f86ba55232a70"

[[package]]
name = "indoc"
version = "1.0.8"
source = "registry+https://github.com/rust-lang/crates.io-index"
checksum = "da2d6f23ffea9d7e76c53eee25dfb67bcd8fde7f1198b0855350698c9f07c780"

[[package]]
name = "levenshtein"
version = "1.0.5"
source = "registry+https://github.com/rust-lang/crates.io-index"
checksum = "db13adb97ab515a3691f56e4dbab09283d0b86cb45abd991d8634a9d6f501760"

[[package]]
name = "radix64"
version = "0.6.2"
source = "registry+https://github.com/rust-lang/crates.io-index"
checksum = "999718fa65c3be3a74f3f6dae5a98526ff436ea58a82a574f0de89eecd342bee"
dependencies = [
 "arrayref",
 "cfg-if",
]
